{
  "name": "aicc-agent-toolchain",
  "lockfileVersion": 3,
  "requires": true,
  "packages": {
    "": {
      "dependencies": {
        "@anthropic-ai/claude-code": "2.1.231",
        "@openai/codex": "0.149.0",
        "@github/copilot": "1.0.80"
      },
      "name": "aicc-agent-toolchain",
      "version": "0.0.0"
    },
    "node_modules/@anthropic-ai/claude-code": {
      "version": "2.1.231",
      "resolved": "https://registry.npmjs.org/@anthropic-ai/claude-code/-/claude-code-2.1.231.tgz",
      "integrity": "sha512-1VG6CYH/x3M58L0wNYV2yLI3IPTCic+SXFrIw9IV2OrXA4EsMFAdXArWG87GpLZMkCCLculmrtDuJlwKLsysxg==",
      "hasInstallScript": true,
      "license": "SEE LICENSE IN README.md",
      "bin": {
        "claude": "bin/claude.exe"
      },
      "engines": {
        "node": ">=22.0.0"
      },
      "optionalDependencies": {
        "@anthropic-ai/claude-code-darwin-arm64": "2.1.231",
        "@anthropic-ai/claude-code-darwin-x64": "2.1.231",
        "@anthropic-ai/claude-code-linux-arm64": "2.1.231",
        "@anthropic-ai/claude-code-linux-arm64-musl": "2.1.231",
        "@anthropic-ai/claude-code-linux-x64": "2.1.231",
        "@anthropic-ai/claude-code-linux-x64-musl": "2.1.231",
        "@anthropic-ai/claude-code-win32-arm64": "2.1.231",
        "@anthropic-ai/claude-code-win32-x64": "2.1.231"
      }
    },
    "node_modules/@anthropic-ai/claude-code-darwin-arm64": {
      "version": "2.1.231",
      "resolved": "https://registry.npmjs.org/@anthropic-ai/claude-code-darwin-arm64/-/claude-code-darwin-arm64-2.1.231.tgz",
      "integrity": "sha512-tpqiF9bw8jHYc85mpF0S+JxzDY4ErGF9L9/tBflHJgIqgBXL/UpkLuI53MMYCPeoaCtE88skbf/P9r8C3OUrYA==",
      "cpu": [
        "arm64"
      ],
      "license": "SEE LICENSE IN LICENSE.md",
      "optional": true,
      "os": [
        "darwin"
      ]
    },
    "node_modules/@anthropic-ai/claude-code-darwin-x64": {
      "version": "2.1.231",
      "resolved": "https://registry.npmjs.org/@anthropic-ai/claude-code-darwin-x64/-/claude-code-darwin-x64-2.1.231.tgz",
      "integrity": "sha512-F/Z3nyTnxsF1Nw+m3f/SWBmlk2EUlNkrjRnlPP00JkrdmHBwX4c2VxNRjb2lWsBFBQdYGTjDp24vDzQhrRr9Kg==",
      "cpu": [
        "x64"
      ],
      "license": "SEE LICENSE IN LICENSE.md",
      "optional": true,
      "os": [
        "darwin"
      ]
    },
    "node_modules/@anthropic-ai/claude-code-linux-arm64": {
      "version": "2.1.231",
      "resolved": "https://registry.npmjs.org/@anthropic-ai/claude-code-linux-arm64/-/claude-code-linux-arm64-2.1.231.tgz",
      "integrity": "sha512-a0YGXTjk6N5yRWE30dkbtS0tTZ5hOEXFCjTTX2slSa7XULMlJJLQ1X8oFJwpXmlvZu9FHx1YRLKJnni05uNIQQ==",
      "cpu": [
        "arm64"
      ],
      "license": "SEE LICENSE IN LICENSE.md",
      "optional": true,
      "os": [
        "linux"
      ]
    },
    "node_modules/@anthropic-ai/claude-code-linux-arm64-musl": {
      "version": "2.1.231",
      "resolved": "https://registry.npmjs.org/@anthropic-ai/claude-code-linux-arm64-musl/-/claude-code-linux-arm64-musl-2.1.231.tgz",
      "integrity": "sha512-XsO7+7Ln6P92kNl25IofxtgH4wCCv9tM23TN6shon1lL7Lqub3tQmB+ywyUnkGE/H9gV3qzvmUs3w4W9dSp/Rg==",
      "cpu": [
        "arm64"
      ],
      "license": "SEE LICENSE IN LICENSE.md",
      "optional": true,
      "os": [
        "linux"
      ]
    },
    "node_modules/@anthropic-ai/claude-code-linux-x64": {
      "version": "2.1.231",
      "resolved": "https://registry.npmjs.org/@anthropic-ai/claude-code-linux-x64/-/claude-code-linux-x64-2.1.231.tgz",
      "integrity": "sha512-ou1X+6JWOgbY5pUerfdOmeyPwKwEN515sx9it2sxsYEqKRTvOOHkiN94enRxge9/Z1J2Iqhd4VdkQIl6UoUvYw==",
      "cpu": [
        "x64"
      ],
      "license": "SEE LICENSE IN LICENSE.md",
      "optional": true,
      "os": [
        "linux"
      ]
    },
    "node_modules/@anthropic-ai/claude-code-linux-x64-musl": {
      "version": "2.1.231",
      "resolved": "https://registry.npmjs.org/@anthropic-ai/claude-code-linux-x64-musl/-/claude-code-linux-x64-musl-2.1.231.tgz",
      "integrity": "sha512-b9dEkV+nNEwO0i6Ja87zQCjT2zlJ+leDN5XjRkBhTKC7z7QVRiByqy8d2z52ujuC9hPDWvlEBW58Zed4OGQihw==",
      "cpu": [
        "x64"
      ],
      "license": "SEE LICENSE IN LICENSE.md",
      "optional": true,
      "os": [
        "linux"
      ]
    },
    "node_modules/@anthropic-ai/claude-code-win32-arm64": {
      "version": "2.1.231",
      "resolved": "https://registry.npmjs.org/@anthropic-ai/claude-code-win32-arm64/-/claude-code-win32-arm64-2.1.231.tgz",
      "integrity": "sha512-NaQKufzY0r7G1xkXwBivOyy9JQZuN3idiUNeRuOC0FzL2GlqGbiqkLGRldPYSSjY3CIdV8Iz5Sei1xs38972uw==",
      "cpu": [
        "arm64"
      ],
      "license": "SEE LICENSE IN LICENSE.md",
      "optional": true,
      "os": [
        "win32"
      ]
    },
    "node_modules/@anthropic-ai/claude-code-win32-x64": {
      "version": "2.1.231",
      "resolved": "https://registry.npmjs.org/@anthropic-ai/claude-code-win32-x64/-/claude-code-win32-x64-2.1.231.tgz",
      "integrity": "sha512-rCrq1rr3UcIY2hPVr1N9yNQOT1Tbh20BRz5L9TzMFVkHB2oy82OvNp98sLRRuMfhtZ6DDwJZ4jZIbMOTxeB2hg==",
      "cpu": [
        "x64"
      ],
      "license": "SEE LICENSE IN LICENSE.md",
      "optional": true,
      "os": [
        "win32"
      ]
    },
    "node_modules/@github/copilot": {
      "version": "1.0.80",
      "resolved": "https://registry.npmjs.org/@github/copilot/-/copilot-1.0.80.tgz",
      "integrity": "sha512-6tf93ZF56KOiTTAjK/UhLZkl1W543IzaTQly288kockJZFswpRTnQEI00Yvacpb39DTvTYu3/ha9SeKpo/pgZQ==",
      "license": "SEE LICENSE IN LICENSE.md",
      "dependencies": {
        "detect-libc": "^2.1.2"
      },
      "bin": {
        "copilot": "npm-loader.js"
      },
      "optionalDependencies": {
        "@github/copilot-darwin-arm64": "1.0.80",
        "@github/copilot-darwin-x64": "1.0.80",
        "@github/copilot-linux-arm64": "1.0.80",
        "@github/copilot-linux-x64": "1.0.80",
        "@github/copilot-linuxmusl-arm64": "1.0.80",
        "@github/copilot-linuxmusl-x64": "1.0.80",
        "@github/copilot-win32-arm64": "1.0.80",
        "@github/copilot-win32-x64": "1.0.80"
      }
    },
    "node_modules/@github/copilot-darwin-arm64": {
      "version": "1.0.80",
      "resolved": "https://registry.npmjs.org/@github/copilot-darwin-arm64/-/copilot-darwin-arm64-1.0.80.tgz",
      "integrity": "sha512-fzn4PnSx3+O/a3ip72KVsjnzORsEygK+0i21bFAnFBYS+0Wi1Pk+o/CmNsJ7aRbf1enSJrcH8UDVkyc9pMGEBg==",
      "cpu": [
        "arm64"
      ],
      "license": "SEE LICENSE IN LICENSE.md",
      "optional": true,
      "os": [
        "darwin"
      ],
      "bin": {
        "copilot-darwin-arm64": "copilot"
      }
    },
    "node_modules/@github/copilot-darwin-x64": {
      "version": "1.0.80",
      "resolved": "https://registry.npmjs.org/@github/copilot-darwin-x64/-/copilot-darwin-x64-1.0.80.tgz",
      "integrity": "sha512-PKsyGk5DccNzR3bYXcYTGB9N6sHzhzGqEwq/2t1qBwqPbrC98Zo2dOT2G40/QYpJ4XdrGmTmdmfPJQ9PJknlIQ==",
      "cpu": [
        "x64"
      ],
      "license": "SEE LICENSE IN LICENSE.md",
      "optional": true,
      "os": [
        "darwin"
      ],
      "bin": {
        "copilot-darwin-x64": "copilot"
      }
    },
    "node_modules/@github/copilot-linux-arm64": {
      "version": "1.0.80",
      "resolved": "https://registry.npmjs.org/@github/copilot-linux-arm64/-/copilot-linux-arm64-1.0.80.tgz",
      "integrity": "sha512-8oXwN2luyHEjIoSk8AkATBjXDhRoQtuiUvC93GpfQKFHI+I1eoOVwIsAq5fKP8jNCF2rOrYFIcTjwmRt38kCcQ==",
      "cpu": [
        "arm64"
      ],
      "license": "SEE LICENSE IN LICENSE.md",
      "optional": true,
      "os": [
        "linux"
      ],
      "bin": {
        "copilot-linux-arm64": "copilot"
      }
    },
    "node_modules/@github/copilot-linux-x64": {
      "version": "1.0.80",
      "resolved": "https://registry.npmjs.org/@github/copilot-linux-x64/-/copilot-linux-x64-1.0.80.tgz",
      "integrity": "sha512-qv1ytVNwA3IDK7kcQow+fAikD67t42+AQ8X42bK/7oudNiv4frVZMO0yh1DYIebVRcmEhmPvbVPY/ptVUK3cbA==",
      "cpu": [
        "x64"
      ],
      "license": "SEE LICENSE IN LICENSE.md",
      "optional": true,
      "os": [
        "linux"
      ],
      "bin": {
        "copilot-linux-x64": "copilot"
      }
    },
    "node_modules/@github/copilot-linuxmusl-arm64": {
      "version": "1.0.80",
      "resolved": "https://registry.npmjs.org/@github/copilot-linuxmusl-arm64/-/copilot-linuxmusl-arm64-1.0.80.tgz",
      "integrity": "sha512-Qjyi+OlVnPC4Lkuy7blDMMwMUQI/yELl7gDnqQlaN8TEbhZqZueuf3p0a+kEjXcNsw4XtNYQc0eMJqSIYy/Pjg==",
      "cpu": [
        "arm64"
      ],
      "license": "SEE LICENSE IN LICENSE.md",
      "optional": true,
      "os": [
        "linux"
      ],
      "bin": {
        "copilot-linuxmusl-arm64": "copilot"
      }
    },
    "node_modules/@github/copilot-linuxmusl-x64": {
      "version": "1.0.80",
      "resolved": "https://registry.npmjs.org/@github/copilot-linuxmusl-x64/-/copilot-linuxmusl-x64-1.0.80.tgz",
      "integrity": "sha512-rBg8pugf+5FhiZxi2zkOr+rlcOVF6Xg63j1FvryfwPT4DJ2w5Na7O3lpS4sgu8QmsP5H+dAqjlXYLYsvSoVQ0g==",
      "cpu": [
        "x64"
      ],
      "license": "SEE LICENSE IN LICENSE.md",
      "optional": true,
      "os": [
        "linux"
      ],
      "bin": {
        "copilot-linuxmusl-x64": "copilot"
      }
    },
    "node_modules/@github/copilot-win32-arm64": {
      "version": "1.0.80",
      "resolved": "https://registry.npmjs.org/@github/copilot-win32-arm64/-/copilot-win32-arm64-1.0.80.tgz",
      "integrity": "sha512-+f7Vkd3vt2DYOxRnS8dStvYu3DY638N/AuLuIjxZp1F9GgwCUZK69wspqIxg2L59PmRRQcH4AGTrRDR60ENIZA==",
      "cpu": [
        "arm64"
      ],
      "license": "SEE LICENSE IN LICENSE.md",
      "optional": true,
      "os": [
        "win32"
      ],
      "bin": {
        "copilot-win32-arm64": "copilot.exe"
      }
    },
    "node_modules/@github/copilot-win32-x64": {
      "version": "1.0.80",
      "resolved": "https://registry.npmjs.org/@github/copilot-win32-x64/-/copilot-win32-x64-1.0.80.tgz",
      "integrity": "sha512-PO0kPqhRTWQfsqGaj4UN3cj8ttkcJYy4wmXiArtFm+03AIFu8xTvuhQDPn2xEOsUome7m7t2XomKoavcrCcRsw==",
      "cpu": [
        "x64"
      ],
      "license": "SEE LICENSE IN LICENSE.md",
      "optional": true,
      "os": [
        "win32"
      ],
      "bin": {
        "copilot-win32-x64": "copilot.exe"
      }
    },
    "node_modules/@openai/codex": {
      "version": "0.149.0",
      "resolved": "https://registry.npmjs.org/@openai/codex/-/codex-0.149.0.tgz",
      "integrity": "sha512-i4dryj2Y1j+00Mb5n+0n71EYnTK9/KDc2cdFo/dXD0d1oTog2bhUssKDEIOnKmnEf51P0Z/HJTWvTKw/UHyOvQ==",
      "license": "Apache-2.0",
      "bin": {
        "codex": "bin/codex.js"
      },
      "engines": {
        "node": ">=16"
      },
      "optionalDependencies": {
        "@openai/codex-darwin-arm64": "npm:@openai/codex@0.149.0-darwin-arm64",
        "@openai/codex-darwin-x64": "npm:@openai/codex@0.149.0-darwin-x64",
        "@openai/codex-linux-arm64": "npm:@openai/codex@0.149.0-linux-arm64",
        "@openai/codex-linux-x64": "npm:@openai/codex@0.149.0-linux-x64",
        "@openai/codex-win32-arm64": "npm:@openai/codex@0.149.0-win32-arm64",
        "@openai/codex-win32-x64": "npm:@openai/codex@0.149.0-win32-x64"
      }
    },
    "node_modules/@openai/codex-darwin-arm64": {
      "name": "@openai/codex",
      "version": "0.149.0-darwin-arm64",
      "resolved": "https://registry.npmjs.org/@openai/codex/-/codex-0.149.0-darwin-arm64.tgz",
      "integrity": "sha512-GsZJbzBWiD48RETrO8VHGAQNgfSrUVxItXZFeD87wswatPi0+lKuQo8Dx4nMYmOZhZrVtwr3al/feRrZxnDV8Q==",
      "cpu": [
        "arm64"
      ],
      "license": "Apache-2.0",
      "optional": true,
      "os": [
        "darwin"
      ],
      "engines": {
        "node": ">=16"
      }
    },
    "node_modules/@openai/codex-darwin-x64": {
      "name": "@openai/codex",
      "version": "0.149.0-darwin-x64",
      "resolved": "https://registry.npmjs.org/@openai/codex/-/codex-0.149.0-darwin-x64.tgz",
      "integrity": "sha512-H+mMgW3Nhc5QzGWEklCoFqACuOc0cVpgPkPQRw0LShoK7P5664T6BRnyl1yzT6orKPKv49cXry7DIWWZ19SanQ==",
      "cpu": [
        "x64"
      ],
      "license": "Apache-2.0",
      "optional": true,
      "os": [
        "darwin"
      ],
      "engines": {
        "node": ">=16"
      }
    },
    "node_modules/@openai/codex-linux-arm64": {
      "name": "@openai/codex",
      "version": "0.149.0-linux-arm64",
      "resolved": "https://registry.npmjs.org/@openai/codex/-/codex-0.149.0-linux-arm64.tgz",
      "integrity": "sha512-fAXPpvIob+11RNZJS9CVVTsKb+V4Hw3woGFPj42D7fU2wBJUKI2jfAc4fLJNtrpwRecLeW601mtkMHOSIbWuuA==",
      "cpu": [
        "arm64"
      ],
      "license": "Apache-2.0",
      "optional": true,
      "os": [
        "linux"
      ],
      "engines": {
        "node": ">=16"
      }
    },
    "node_modules/@openai/codex-linux-x64": {
      "name": "@openai/codex",
      "version": "0.149.0-linux-x64",
      "resolved": "https://registry.npmjs.org/@openai/codex/-/codex-0.149.0-linux-x64.tgz",
      "integrity": "sha512-uZXaN9JPxu0/jjnqqJeTd4kRYPnjVZK3MiVndfG1mHhEaoDKL7ScWHfPqvAEOjwsSDEmQSlMfUkmvYp/CHciYw==",
      "cpu": [
        "x64"
      ],
      "license": "Apache-2.0",
      "optional": true,
      "os": [
        "linux"
      ],
      "engines": {
        "node": ">=16"
      }
    },
    "node_modules/@openai/codex-win32-arm64": {
      "name": "@openai/codex",
      "version": "0.149.0-win32-arm64",
      "resolved": "https://registry.npmjs.org/@openai/codex/-/codex-0.149.0-win32-arm64.tgz",
      "integrity": "sha512-pUd8MzuwtqT5DhM1NUE1gETWIZ9fkDA1XB7tt9YNIi/peUgLuziQgZd7o0bNON4cNzgbil1YUN1qDTgQm0g3pg==",
      "cpu": [
        "arm64"
      ],
      "license": "Apache-2.0",
      "optional": true,
      "os": [
        "win32"
      ],
      "engines": {
        "node": ">=16"
      }
    },
    "node_modules/@openai/codex-win32-x64": {
      "name": "@openai/codex",
      "version": "0.149.0-win32-x64",
      "resolved": "https://registry.npmjs.org/@openai/codex/-/codex-0.149.0-win32-x64.tgz",
      "integrity": "sha512-qKbwSOOO/fdhQ5MlXE2fts6taPxRPZ/zqeC+eqHD72hLRymV9rFCUbUxOCquognUPRPvS/2/kRCV0UVhoDd3yQ==",
      "cpu": [
        "x64"
      ],
      "license": "Apache-2.0",
      "optional": true,
      "os": [
        "win32"
      ],
      "engines": {
        "node": ">=16"
      }
    },
    "node_modules/detect-libc": {
      "version": "2.1.2",
      "resolved": "https://registry.npmjs.org/detect-libc/-/detect-libc-2.1.2.tgz",
      "integrity": "sha512-Btj2BOOO83o3WyH59e8MgXsxEQVcarkUOpEYrubB0urwnN10yQ364rsiByU11nZlqWYZm05i/of7io4mzihBtQ==",
      "license": "Apache-2.0",
      "engines": {
        "node": ">=8"
      }
    }
  },
  "version": "0.0.0"
}
